// !$*UTF8*$!
{
	archiveVersion = 1;
	classes = {
	};
	objectVersion = 46;
	objects = {

/* Begin PBXBuildFile section */
		8A85743090D548E9B535A5A7 /* libPods.a in Frameworks */ = {isa = PBXBuildFile; fileRef = 33A47534BC254CA89DF39574 /* libPods.a */; };
		9E3BED3718882BEF001AB381 /* WXController.m in Sources */ = {isa = PBXBuildFile; fileRef = 9E3BED3618882BEF001AB381 /* WXController.m */; };
		9E3BED3B18882F2F001AB381 /* WXManager.m in Sources */ = {isa = PBXBuildFile; fileRef = 9E3BED3A18882F2F001AB381 /* WXManager.m */; };
		9E3BED3E18882F43001AB381 /* WXCondition.m in Sources */ = {isa = PBXBuildFile; fileRef = 9E3BED3D18882F43001AB381 /* WXCondition.m */; };
		9E3BED4118882F64001AB381 /* WXDailyForecast.m in Sources */ = {isa = PBXBuildFile; fileRef = 9E3BED4018882F64001AB381 /* WXDailyForecast.m */; };
		9E3BED441888313B001AB381 /* WXClient.m in Sources */ = {isa = PBXBuildFile; fileRef = 9E3BED431888313B001AB381 /* WXClient.m */; };
		9EB12627188828850072F214 /* Foundation.framework in Frameworks */ = {isa = PBXBuildFile; fileRef = 9EB12626188828850072F214 /* Foundation.framework */; };
		9EB12629188828850072F214 /* CoreGraphics.framework in Frameworks */ = {isa = PBXBuildFile; fileRef = 9EB12628188828850072F214 /* CoreGraphics.framework */; };
		9EB1262B188828850072F214 /* UIKit.framework in Frameworks */ = {isa = PBXBuildFile; fileRef = 9EB1262A188828850072F214 /* UIKit.framework */; };
		9EB12631188828850072F214 /* InfoPlist.strings in Resources */ = {isa = PBXBuildFile; fileRef = 9EB1262F188828850072F214 /* InfoPlist.strings */; };
		9EB12633188828850072F214 /* main.m in Sources */ = {isa = PBXBuildFile; fileRef = 9EB12632188828850072F214 /* main.m */; };
		9EB12637188828850072F214 /* AppDelegate.m in Sources */ = {isa = PBXBuildFile; fileRef = 9EB12636188828850072F214 /* AppDelegate.m */; };
		9EB12639188828850072F214 /* Images.xcassets in Resources */ = {isa = PBXBuildFile; fileRef = 9EB12638188828850072F214 /* Images.xcassets */; };
		9EB12640188828850072F214 /* XCTest.framework in Frameworks */ = {isa = PBXBuildFile; fileRef = 9EB1263F188828850072F214 /* XCTest.framework */; };
		9EB12641188828850072F214 /* Foundation.framework in Frameworks */ = {isa = PBXBuildFile; fileRef = 9EB12626188828850072F214 /* Foundation.framework */; };
		9EB12642188828850072F214 /* UIKit.framework in Frameworks */ = {isa = PBXBuildFile; fileRef = 9EB1262A188828850072F214 /* UIKit.framework */; };
		9EB1264A188828850072F214 /* InfoPlist.strings in Resources */ = {isa = PBXBuildFile; fileRef = 9EB12648188828850072F214 /* InfoPlist.strings */; };
		9EB1264C188828850072F214 /* SimpleWeatherTests.m in Sources */ = {isa = PBXBuildFile; fileRef = 9EB1264B188828850072F214 /* SimpleWeatherTests.m */; };
/* End PBXBuildFile section */

/* Begin PBXContainerItemProxy section */
		9EB12643188828850072F214 /* PBXContainerItemProxy */ = {
			isa = PBXContainerItemProxy;
			containerPortal = 9EB1261B188828850072F214 /* Project object */;
			proxyType = 1;
			remoteGlobalIDString = 9EB12622188828850072F214;
			remoteInfo = SimpleWeather;
		};
/* End PBXContainerItemProxy section */

/* Begin PBXFileReference section */
		075B8C08A9FA4D5F96831896 /* Pods.xcconfig */ = {isa = PBXFileReference; includeInIndex = 1; lastKnownFileType = text.xcconfig; name = Pods.xcconfig; path = Pods/Pods.xcconfig; sourceTree = "<group>"; };
		33A47534BC254CA89DF39574 /* libPods.a */ = {isa = PBXFileReference; explicitFileType = archive.ar; includeInIndex = 0; path = libPods.a; sourceTree = BUILT_PRODUCTS_DIR; };
		9E3BED3518882BEF001AB381 /* WXController.h */ = {isa = PBXFileReference; fileEncoding = 4; lastKnownFileType = sourcecode.c.h; name = WXController.h; path = controllers/WXController.h; sourceTree = "<group>"; };
		9E3BED3618882BEF001AB381 /* WXController.m */ = {isa = PBXFileReference; fileEncoding = 4; lastKnownFileType = sourcecode.c.objc; name = WXController.m; path = controllers/WXController.m; sourceTree = "<group>"; };
		9E3BED3918882F2F001AB381 /* WXManager.h */ = {isa = PBXFileReference; fileEncoding = 4; lastKnownFileType = sourcecode.c.h; name = WXManager.h; path = models/WXManager.h; sourceTree = "<group>"; };
		9E3BED3A18882F2F001AB381 /* WXManager.m */ = {isa = PBXFileReference; fileEncoding = 4; lastKnownFileType = sourcecode.c.objc; name = WXManager.m; path = models/WXManager.m; sourceTree = "<group>"; };
		9E3BED3C18882F43001AB381 /* WXCondition.h */ = {isa = PBXFileReference; fileEncoding = 4; lastKnownFileType = sourcecode.c.h; name = WXCondition.h; path = models/WXCondition.h; sourceTree = "<group>"; };
		9E3BED3D18882F43001AB381 /* WXCondition.m */ = {isa = PBXFileReference; fileEncoding = 4; lastKnownFileType = sourcecode.c.objc; name = WXCondition.m; path = models/WXCondition.m; sourceTree = "<group>"; };
		9E3BED3F18882F64001AB381 /* WXDailyForecast.h */ = {isa = PBXFileReference; fileEncoding = 4; lastKnownFileType = sourcecode.c.h; name = WXDailyForecast.h; path = models/WXDailyForecast.h; sourceTree = "<group>"; };
		9E3BED4018882F64001AB381 /* WXDailyForecast.m */ = {isa = PBXFileReference; fileEncoding = 4; lastKnownFileType = sourcecode.c.objc; name = WXDailyForecast.m; path = models/WXDailyForecast.m; sourceTree = "<group>"; };
		9E3BED421888313B001AB381 /* WXClient.h */ = {isa = PBXFileReference; fileEncoding = 4; lastKnownFileType = sourcecode.c.h; name = WXClient.h; path = models/WXClient.h; sourceTree = "<group>"; };
		9E3BED431888313B001AB381 /* WXClient.m */ = {isa = PBXFileReference; fileEncoding = 4; lastKnownFileType = sourcecode.c.objc; name = WXClient.m; path = models/WXClient.m; sourceTree = "<group>"; };
		9EB12623188828850072F214 /* SimpleWeather.app */ = {isa = PBXFileReference; explicitFileType = wrapper.application; includeInIndex = 0; path = SimpleWeather.app; sourceTree = BUILT_PRODUCTS_DIR; };
		9EB12626188828850072F214 /* Foundation.framework */ = {isa = PBXFileReference; lastKnownFileType = wrapper.framework; name = Foundation.framework; path = System/Library/Frameworks/Foundation.framework; sourceTree = SDKROOT; };
		9EB12628188828850072F214 /* CoreGraphics.framework */ = {isa = PBXFileReference; lastKnownFileType = wrapper.framework; name = CoreGraphics.framework; path = System/Library/Frameworks/CoreGraphics.framework; sourceTree = SDKROOT; };
		9EB1262A188828850072F214 /* UIKit.framework */ = {isa = PBXFileReference; lastKnownFileType = wrapper.framework; name = UIKit.framework; path = System/Library/Frameworks/UIKit.framework; sourceTree = SDKROOT; };
		9EB1262E188828850072F214 /* SimpleWeather-Info.plist */ = {isa = PBXFileReference; lastKnownFileType = text.plist.xml; path = "SimpleWeather-Info.plist"; sourceTree = "<group>"; };
		9EB12630188828850072F214 /* en */ = {isa = PBXFileReference; lastKnownFileType = text.plist.strings; name = en; path = en.lproj/InfoPlist.strings; sourceTree = "<group>"; };
		9EB12632188828850072F214 /* main.m */ = {isa = PBXFileReference; lastKnownFileType = sourcecode.c.objc; path = main.m; sourceTree = "<group>"; };
		9EB12634188828850072F214 /* SimpleWeather-Prefix.pch */ = {isa = PBXFileReference; lastKnownFileType = sourcecode.c.h; path = "SimpleWeather-Prefix.pch"; sourceTree = "<group>"; };
		9EB12635188828850072F214 /* AppDelegate.h */ = {isa = PBXFileReference; lastKnownFileType = sourcecode.c.h; path = AppDelegate.h; sourceTree = "<group>"; };
		9EB12636188828850072F214 /* AppDelegate.m */ = {isa = PBXFileReference; lastKnownFileType = sourcecode.c.objc; path = AppDelegate.m; sourceTree = "<group>"; };
		9EB12638188828850072F214 /* Images.xcassets */ = {isa = PBXFileReference; lastKnownFileType = folder.assetcatalog; path = Images.xcassets; sourceTree = "<group>"; };
		9EB1263E188828850072F214 /* SimpleWeatherTests.xctest */ = {isa = PBXFileReference; explicitFileType = wrapper.cfbundle; includeInIndex = 0; path = SimpleWeatherTests.xctest; sourceTree = BUILT_PRODUCTS_DIR; };
		9EB1263F188828850072F214 /* XCTest.framework */ = {isa = PBXFileReference; lastKnownFileType = wrapper.framework; name = XCTest.framework; path = Library/Frameworks/XCTest.framework; sourceTree = DEVELOPER_DIR; };
		9EB12647188828850072F214 /* SimpleWeatherTests-Info.plist */ = {isa = PBXFileReference; lastKnownFileType = text.plist.xml; path = "SimpleWeatherTests-Info.plist"; sourceTree = "<group>"; };
		9EB12649188828850072F214 /* en */ = {isa = PBXFileReference; lastKnownFileType = text.plist.strings; name = en; path = en.lproj/InfoPlist.strings; sourceTree = "<group>"; };
		9EB1264B188828850072F214 /* SimpleWeatherTests.m */ = {isa = PBXFileReference; lastKnownFileType = sourcecode.c.objc; path = SimpleWeatherTests.m; sourceTree = "<group>"; };
/* End PBXFileReference section */

/* Begin PBXFrameworksBuildPhase section */
		9EB12620188828850072F214 /* Frameworks */ = {
			isa = PBXFrameworksBuildPhase;
			buildActionMask = 2147483647;
			files = (
				9EB12629188828850072F214 /* CoreGraphics.framework in Frameworks */,
				9EB1262B188828850072F214 /* UIKit.framework in Frameworks */,
				9EB12627188828850072F214 /* Foundation.framework in Frameworks */,
				8A85743090D548E9B535A5A7 /* libPods.a in Frameworks */,
			);
			runOnlyForDeploymentPostprocessing = 0;
		};
		9EB1263B188828850072F214 /* Frameworks */ = {
			isa = PBXFrameworksBuildPhase;
			buildActionMask = 2147483647;
			files = (
				9EB12640188828850072F214 /* XCTest.framework in Frameworks */,
				9EB12642188828850072F214 /* UIKit.framework in Frameworks */,
				9EB12641188828850072F214 /* Foundation.framework in Frameworks */,
			);
			runOnlyForDeploymentPostprocessing = 0;
		};
/* End PBXFrameworksBuildPhase section */

/* Begin PBXGroup section */
		9E3BED3418882BD3001AB381 /* controllers */ = {
			isa = PBXGroup;
			children = (
				9E3BED3518882BEF001AB381 /* WXController.h */,
				9E3BED3618882BEF001AB381 /* WXController.m */,
			);
			name = controllers;
			sourceTree = "<group>";
		};
		9E3BED3818882F15001AB381 /* models */ = {
			isa = PBXGroup;
			children = (
				9E3BED421888313B001AB381 /* WXClient.h */,
				9E3BED431888313B001AB381 /* WXClient.m */,
				9E3BED3F18882F64001AB381 /* WXDailyForecast.h */,
				9E3BED4018882F64001AB381 /* WXDailyForecast.m */,
				9E3BED3C18882F43001AB381 /* WXCondition.h */,
				9E3BED3D18882F43001AB381 /* WXCondition.m */,
				9E3BED3918882F2F001AB381 /* WXManager.h */,
				9E3BED3A18882F2F001AB381 /* WXManager.m */,
			);
			name = models;
			sourceTree = "<group>";
		};
		9EB1261A188828850072F214 = {
			isa = PBXGroup;
			children = (
				9EB1262C188828850072F214 /* SimpleWeather */,
				9EB12645188828850072F214 /* SimpleWeatherTests */,
				9EB12625188828850072F214 /* Frameworks */,
				9EB12624188828850072F214 /* Products */,
				075B8C08A9FA4D5F96831896 /* Pods.xcconfig */,
			);
			sourceTree = "<group>";
		};
		9EB12624188828850072F214 /* Products */ = {
			isa = PBXGroup;
			children = (
				9EB12623188828850072F214 /* SimpleWeather.app */,
				9EB1263E188828850072F214 /* SimpleWeatherTests.xctest */,
			);
			name = Products;
			sourceTree = "<group>";
		};
		9EB12625188828850072F214 /* Frameworks */ = {
			isa = PBXGroup;
			children = (
				9EB12626188828850072F214 /* Foundation.framework */,
				9EB12628188828850072F214 /* CoreGraphics.framework */,
				9EB1262A188828850072F214 /* UIKit.framework */,
				9EB1263F188828850072F214 /* XCTest.framework */,
				33A47534BC254CA89DF39574 /* libPods.a */,
			);
			name = Frameworks;
			sourceTree = "<group>";
		};
		9EB1262C188828850072F214 /* SimpleWeather */ = {
			isa = PBXGroup;
			children = (
				9E3BED3818882F15001AB381 /* models */,
				9E3BED3418882BD3001AB381 /* controllers */,
				9EB12635188828850072F214 /* AppDelegate.h */,
				9EB12636188828850072F214 /* AppDelegate.m */,
				9EB12638188828850072F214 /* Images.xcassets */,
				9EB1262D188828850072F214 /* Supporting Files */,
			);
			path = SimpleWeather;
			sourceTree = "<group>";
		};
		9EB1262D188828850072F214 /* Supporting Files */ = {
			isa = PBXGroup;
			children = (
				9EB1262E188828850072F214 /* SimpleWeather-Info.plist */,
				9EB1262F188828850072F214 /* InfoPlist.strings */,
				9EB12632188828850072F214 /* main.m */,
				9EB12634188828850072F214 /* SimpleWeather-Prefix.pch */,
			);
			name = "Supporting Files";
			sourceTree = "<group>";
		};
		9EB12645188828850072F214 /* SimpleWeatherTests */ = {
			isa = PBXGroup;
			children = (
				9EB1264B188828850072F214 /* SimpleWeatherTests.m */,
				9EB12646188828850072F214 /* Supporting Files */,
			);
			path = SimpleWeatherTests;
			sourceTree = "<group>";
		};
		9EB12646188828850072F214 /* Supporting Files */ = {
			isa = PBXGroup;
			children = (
				9EB12647188828850072F214 /* SimpleWeatherTests-Info.plist */,
				9EB12648188828850072F214 /* InfoPlist.strings */,
			);
			name = "Supporting Files";
			sourceTree = "<group>";
		};
/* End PBXGroup section */

/* Begin PBXNativeTarget section */
		9EB12622188828850072F214 /* SimpleWeather */ = {
			isa = PBXNativeTarget;
			buildConfigurationList = 9EB1264F188828850072F214 /* Build configuration list for PBXNativeTarget "SimpleWeather" */;
			buildPhases = (
				CCF2C0D3F0F043DFB5A93009 /* Check Pods Manifest.lock */,
				9EB1261F188828850072F214 /* Sources */,
				9EB12620188828850072F214 /* Frameworks */,
				9EB12621188828850072F214 /* Resources */,
				69EFAE36D17344C79FF3287B /* Copy Pods Resources */,
			);
			buildRules = (
			);
			dependencies = (
			);
			name = SimpleWeather;
			productName = SimpleWeather;
			productReference = 9EB12623188828850072F214 /* SimpleWeather.app */;
			productType = "com.apple.product-type.application";
		};
		9EB1263D188828850072F214 /* SimpleWeatherTests */ = {
			isa = PBXNativeTarget;
			buildConfigurationList = 9EB12652188828850072F214 /* Build configuration list for PBXNativeTarget "SimpleWeatherTests" */;
			buildPhases = (
				9EB1263A188828850072F214 /* Sources */,
				9EB1263B188828850072F214 /* Frameworks */,
				9EB1263C188828850072F214 /* Resources */,
			);
			buildRules = (
			);
			dependencies = (
				9EB12644188828850072F214 /* PBXTargetDependency */,
			);
			name = SimpleWeatherTests;
			productName = SimpleWeatherTests;
			productReference = 9EB1263E188828850072F214 /* SimpleWeatherTests.xctest */;
			productType = "com.apple.product-type.bundle.unit-test";
		};
/* End PBXNativeTarget section */

/* Begin PBXProject section */
		9EB1261B188828850072F214 /* Project object */ = {
			isa = PBXProject;
			attributes = {
				LastUpgradeCheck = 0500;
				ORGANIZATIONNAME = "Ohno Shin'ichi";
				TargetAttributes = {
					9EB1263D188828850072F214 = {
						TestTargetID = 9EB12622188828850072F214;
					};
				};
			};
			buildConfigurationList = 9EB1261E188828850072F214 /* Build configuration list for PBXProject "SimpleWeather" */;
			compatibilityVersion = "Xcode 3.2";
			developmentRegion = English;
			hasScannedForEncodings = 0;
			knownRegions = (
				en,
			);
			mainGroup = 9EB1261A188828850072F214;
			productRefGroup = 9EB12624188828850072F214 /* Products */;
			projectDirPath = "";
			projectRoot = "";
			targets = (
				9EB12622188828850072F214 /* SimpleWeather */,
				9EB1263D188828850072F214 /* SimpleWeatherTests */,
			);
		};
/* End PBXProject section */

/* Begin PBXResourcesBuildPhase section */
		9EB12621188828850072F214 /* Resources */ = {
			isa = PBXResourcesBuildPhase;
			buildActionMask = 2147483647;
			files = (
				9EB12631188828850072F214 /* InfoPlist.strings in Resources */,
				9EB12639188828850072F214 /* Images.xcassets in Resources */,
			);
			runOnlyForDeploymentPostprocessing = 0;
		};
		9EB1263C188828850072F214 /* Resources */ = {
			isa = PBXResourcesBuildPhase;
			buildActionMask = 2147483647;
			files = (
				9EB1264A188828850072F214 /* InfoPlist.strings in Resources */,
			);
			runOnlyForDeploymentPostprocessing = 0;
		};
/* End PBXResourcesBuildPhase section */

/* Begin PBXShellScriptBuildPhase section */
		69EFAE36D17344C79FF3287B /* Copy Pods Resources */ = {
			isa = PBXShellScriptBuildPhase;
			buildActionMask = 2147483647;
			files = (
			);
			inputPaths = (
			);
			name = "Copy Pods Resources";
			outputPaths = (
			);
			runOnlyForDeploymentPostprocessing = 0;
			shellPath = /bin/sh;
			shellScript = "\"${SRCROOT}/Pods/Pods-resources.sh\"\n";
			showEnvVarsInLog = 0;
		};
		CCF2C0D3F0F043DFB5A93009 /* Check Pods Manifest.lock */ = {
			isa = PBXShellScriptBuildPhase;
			buildActionMask = 2147483647;
			files = (
			);
			inputPaths = (
			);
			name = "Check Pods Manifest.lock";
			outputPaths = (
			);
			runOnlyForDeploymentPostprocessing = 0;
			shellPath = /bin/sh;
			shellScript = "diff \"${PODS_ROOT}/../Podfile.lock\" \"${PODS_ROOT}/Manifest.lock\" > /dev/null\nif [[ $? != 0 ]] ; then\n    cat << EOM\nerror: The sandbox is not in sync with the Podfile.lock. Run 'pod install' or update your CocoaPods installation.\nEOM\n    exit 1\nfi\n";
			showEnvVarsInLog = 0;
		};
/* End PBXShellScriptBuildPhase section */

/* Begin PBXSourcesBuildPhase section */
		9EB1261F188828850072F214 /* Sources */ = {
			isa = PBXSourcesBuildPhase;
			buildActionMask = 2147483647;
			files = (
				9E3BED441888313B001AB381 /* WXClient.m in Sources */,
				9E3BED3B18882F2F001AB381 /* WXManager.m in Sources */,
				9E3BED4118882F64001AB381 /* WXDailyForecast.m in Sources */,
				9E3BED3E18882F43001AB381 /* WXCondition.m in Sources */,
				9EB12637188828850072F214 /* AppDelegate.m in Sources */,
				9EB12633188828850072F214 /* main.m in Sources */,
				9E3BED3718882BEF001AB381 /* WXController.m in Sources */,
			);
			runOnlyForDeploymentPostprocessing = 0;
		};
		9EB1263A188828850072F214 /* Sources */ = {
			isa = PBXSourcesBuildPhase;
			buildActionMask = 2147483647;
			files = (
				9EB1264C188828850072F214 /* SimpleWeatherTests.m in Sources */,
			);
			runOnlyForDeploymentPostprocessing = 0;
		};
/* End PBXSourcesBuildPhase section */

/* Begin PBXTargetDependency section */
		9EB12644188828850072F214 /* PBXTargetDependency */ = {
			isa = PBXTargetDependency;
			target = 9EB12622188828850072F214 /* SimpleWeather */;
			targetProxy = 9EB12643188828850072F214 /* PBXContainerItemProxy */;
		};
/* End PBXTargetDependency section */

/* Begin PBXVariantGroup section */
		9EB1262F188828850072F214 /* InfoPlist.strings */ = {
			isa = PBXVariantGroup;
			children = (
				9EB12630188828850072F214 /* en */,
			);
			name = InfoPlist.strings;
			sourceTree = "<group>";
		};
		9EB12648188828850072F214 /* InfoPlist.strings */ = {
			isa = PBXVariantGroup;
			children = (
				9EB12649188828850072F214 /* en */,
			);
			name = InfoPlist.strings;
			sourceTree = "<group>";
		};
/* End PBXVariantGroup section */

/* Begin XCBuildConfiguration section */
		9EB1264D188828850072F214 /* Debug */ = {
			isa = XCBuildConfiguration;
			buildSettings = {
				ALWAYS_SEARCH_USER_PATHS = NO;
				ARCHS = "$(ARCHS_STANDARD_INCLUDING_64_BIT)";
				CLANG_CXX_LANGUAGE_STANDARD = "gnu++0x";
				CLANG_CXX_LIBRARY = "libc++";
				CLANG_ENABLE_MODULES = YES;
				CLANG_ENABLE_OBJC_ARC = YES;
				CLANG_WARN_BOOL_CONVERSION = YES;
				CLANG_WARN_CONSTANT_CONVERSION = YES;
				CLANG_WARN_DIRECT_OBJC_ISA_USAGE = YES_ERROR;
				CLANG_WARN_EMPTY_BODY = YES;
				CLANG_WARN_ENUM_CONVERSION = YES;
				CLANG_WARN_INT_CONVERSION = YES;
				CLANG_WARN_OBJC_ROOT_CLASS = YES_ERROR;
				CLANG_WARN__DUPLICATE_METHOD_MATCH = YES;
				"CODE_SIGN_IDENTITY[sdk=iphoneos*]" = "iPhone Developer";
				COPY_PHASE_STRIP = NO;
				GCC_C_LANGUAGE_STANDARD = gnu99;
				GCC_DYNAMIC_NO_PIC = NO;
				GCC_OPTIMIZATION_LEVEL = 0;
				GCC_PREPROCESSOR_DEFINITIONS = (
					"DEBUG=1",
					"$(inherited)",
				);
				GCC_SYMBOLS_PRIVATE_EXTERN = NO;
				GCC_WARN_64_TO_32_BIT_CONVERSION = YES;
				GCC_WARN_ABOUT_RETURN_TYPE = YES_ERROR;
				GCC_WARN_UNDECLARED_SELECTOR = YES;
				GCC_WARN_UNINITIALIZED_AUTOS = YES;
				GCC_WARN_UNUSED_FUNCTION = YES;
				GCC_WARN_UNUSED_VARIABLE = YES;
				IPHONEOS_DEPLOYMENT_TARGET = 7.0;
				ONLY_ACTIVE_ARCH = YES;
				SDKROOT = iphoneos;
				TARGETED_DEVICE_FAMILY = "1,2";
			};
			name = Debug;
		};
		9EB1264E188828850072F214 /* Release */ = {
			isa = XCBuildConfiguration;
			buildSettings = {
				ALWAYS_SEARCH_USER_PATHS = NO;
				ARCHS = "$(ARCHS_STANDARD_INCLUDING_64_BIT)";
				CLANG_CXX_LANGUAGE_STANDARD = "gnu++0x";
				CLANG_CXX_LIBRARY = "libc++";
				CLANG_ENABLE_MODULES = YES;
				CLANG_ENABLE_OBJC_ARC = YES;
				CLANG_WARN_BOOL_CONVERSION = YES;
				CLANG_WARN_CONSTANT_CONVERSION = YES;
				CLANG_WARN_DIRECT_OBJC_ISA_USAGE = YES_ERROR;
				CLANG_WARN_EMPTY_BODY = YES;
				CLANG_WARN_ENUM_CONVERSION = YES;
				CLANG_WARN_INT_CONVERSION = YES;
				CLANG_WARN_OBJC_ROOT_CLASS = YES_ERROR;
				CLANG_WARN__DUPLICATE_METHOD_MATCH = YES;
				"CODE_SIGN_IDENTITY[sdk=iphoneos*]" = "iPhone Developer";
				COPY_PHASE_STRIP = YES;
				ENABLE_NS_ASSERTIONS = NO;
				GCC_C_LANGUAGE_STANDARD = gnu99;
				GCC_WARN_64_TO_32_BIT_CONVERSION = YES;
				GCC_WARN_ABOUT_RETURN_TYPE = YES_ERROR;
				GCC_WARN_UNDECLARED_SELECTOR = YES;
				GCC_WARN_UNINITIALIZED_AUTOS = YES;
				GCC_WARN_UNUSED_FUNCTION = YES;
				GCC_WARN_UNUSED_VARIABLE = YES;
				IPHONEOS_DEPLOYMENT_TARGET = 7.0;
				SDKROOT = iphoneos;
				TARGETED_DEVICE_FAMILY = "1,2";
				VALIDATE_PRODUCT = YES;
			};
			name = Release;
		};
		9EB12650188828850072F214 /* Debug */ = {
			isa = XCBuildConfiguration;
			baseConfigurationReference = 075B8C08A9FA4D5F96831896 /* Pods.xcconfig */;
			buildSettings = {
				ASSETCATALOG_COMPILER_APPICON_NAME = AppIcon;
				ASSETCATALOG_COMPILER_LAUNCHIMAGE_NAME = LaunchImage;
				GCC_PRECOMPILE_PREFIX_HEADER = YES;
				GCC_PREFIX_HEADER = "SimpleWeather/SimpleWeather-Prefix.pch";
				INFOPLIST_FILE = "SimpleWeather/SimpleWeather-Info.plist";
				PRODUCT_NAME = "$(TARGET_NAME)";
				WRAPPER_EXTENSION = app;
			};
			name = Debug;
		};
		9EB12651188828850072F214 /* Release */ = {
			isa = XCBuildConfiguration;
			baseConfigurationReference = 075B8C08A9FA4D5F96831896 /* Pods.xcconfig */;
			buildSettings = {
				ASSETCATALOG_COMPILER_APPICON_NAME = AppIcon;
				ASSETCATALOG_COMPILER_LAUNCHIMAGE_NAME = LaunchImage;
				GCC_PRECOMPILE_PREFIX_HEADER = YES;
				GCC_PREFIX_HEADER = "SimpleWeather/SimpleWeather-Prefix.pch";
				INFOPLIST_FILE = "SimpleWeather/SimpleWeather-Info.plist";
				PRODUCT_NAME = "$(TARGET_NAME)";
				WRAPPER_EXTENSION = app;
			};
			name = Release;
		};
		9EB12653188828850072F214 /* Debug */ = {
			isa = XCBuildConfiguration;
			buildSettings = {
				ARCHS = "$(ARCHS_STANDARD_INCLUDING_64_BIT)";
				BUNDLE_LOADER = "$(BUILT_PRODUCTS_DIR)/SimpleWeather.app/SimpleWeather";
				FRAMEWORK_SEARCH_PATHS = (
					"$(SDKROOT)/Developer/Library/Frameworks",
					"$(inherited)",
					"$(DEVELOPER_FRAMEWORKS_DIR)",
				);
				GCC_PRECOMPILE_PREFIX_HEADER = YES;
				GCC_PREFIX_HEADER = "SimpleWeather/SimpleWeather-Prefix.pch";
				GCC_PREPROCESSOR_DEFINITIONS = (
					"DEBUG=1",
					"$(inherited)",
				);
				INFOPLIST_FILE = "SimpleWeatherTests/SimpleWeatherTests-Info.plist";
				PRODUCT_NAME = "$(TARGET_NAME)";
				TEST_HOST = "$(BUNDLE_LOADER)";
				WRAPPER_EXTENSION = xctest;
			};
			name = Debug;
		};
		9EB12654188828850072F214 /* Release */ = {
			isa = XCBuildConfiguration;
			buildSettings = {
				ARCHS = "$(ARCHS_STANDARD_INCLUDING_64_BIT)";
				BUNDLE_LOADER = "$(BUILT_PRODUCTS_DIR)/SimpleWeather.app/SimpleWeather";
				FRAMEWORK_SEARCH_PATHS = (
					"$(SDKROOT)/Developer/Library/Frameworks",
					"$(inherited)",
					"$(DEVELOPER_FRAMEWORKS_DIR)",
				);
				GCC_PRECOMPILE_PREFIX_HEADER = YES;
				GCC_PREFIX_HEADER = "SimpleWeather/SimpleWeather-Prefix.pch";
				INFOPLIST_FILE = "SimpleWeatherTests/SimpleWeatherTests-Info.plist";
				PRODUCT_NAME = "$(TARGET_NAME)";
				TEST_HOST = "$(BUNDLE_LOADER)";
				WRAPPER_EXTENSION = xctest;
			};
			name = Release;
		};
/* End XCBuildConfiguration section */

/* Begin XCConfigurationList section */
		9EB1261E188828850072F214 /* Build configuration list for PBXProject "SimpleWeather" */ = {
			isa = XCConfigurationList;
			buildConfigurations = (
				9EB1264D188828850072F214 /* Debug */,
				9EB1264E188828850072F214 /* Release */,
			);
			defaultConfigurationIsVisible = 0;
			defaultConfigurationName = Release;
		};
		9EB1264F188828850072F214 /* Build configuration list for PBXNativeTarget "SimpleWeather" */ = {
			isa = XCConfigurationList;
			buildConfigurations = (
				9EB12650188828850072F214 /* Debug */,
				9EB12651188828850072F214 /* Release */,
			);
			defaultConfigurationIsVisible = 0;
			defaultConfigurationName = Release;
		};
		9EB12652188828850072F214 /* Build configuration list for PBXNativeTarget "SimpleWeatherTests" */ = {
			isa = XCConfigurationList;
			buildConfigurations = (
				9EB12653188828850072F214 /* Debug */,
				9EB12654188828850072F214 /* Release */,
			);
			defaultConfigurationIsVisible = 0;
			defaultConfigurationName = Release;
		};
/* End XCConfigurationList section */
	};
	rootObject = 9EB1261B188828850072F214 /* Project object */;
}
